
Microsoft Visual Studio Solution File, Format Version 12.00
# Visual Studio Version 17
VisualStudioVersion = 17.4.33205.214
MinimumVisualStudioVersion = 10.0.40219.1
Project("{FAE04EC0-301F-11D3-BF4B-00C04F79EFBC}") = "quizapp.api", "quizapp.api\quizapp.api.csproj", "{365A05C7-86AB-477A-AFED-BCDFCD727622}"
EndProject
Global
	GlobalSection(SolutionConfigurationPlatforms) = preSolution
		Debug|Any CPU = Debug|Any CPU
		Release|Any CPU = Release|Any CPU
	EndGlobalSection
	GlobalSection(ProjectConfigurationPlatforms) = postSolution
		{365A05C7-86AB-477A-AFED-BCDFCD727622}.Debug|Any CPU.ActiveCfg = Debug|Any CPU
		{365A05C7-86AB-477A-AFED-BCDFCD727622}.Debug|Any CPU.Build.0 = Debug|Any CPU
		{365A05C7-86AB-477A-AFED-BCDFCD727622}.Release|Any CPU.ActiveCfg = Release|Any CPU
		{365A05C7-86AB-477A-AFED-BCDFCD727622}.Release|Any CPU.Build.0 = Release|Any CPU
	EndGlobalSection
	GlobalSection(SolutionProperties) = preSolution
		HideSolutionNode = FALSE
	EndGlobalSection
	GlobalSection(ExtensibilityGlobals) = postSolution
		SolutionGuid = {3A9F02A7-012F-499F-8562-0D33A98F3469}
	EndGlobalSection
EndGlobal
